
Microsoft Visual Studio Solution File, Format Version 12.00
# Visual Studio Version 17
VisualStudioVersion = 17.2.32602.215
MinimumVisualStudioVersion = 10.0.40219.1
Project("{FAE04EC0-301F-11D3-BF4B-00C04F79EFBC}") = "Week 4 Practice 1", "Week 4 Practice 1.csproj", "{2AE98A75-3ADF-44F2-ADB5-3954EFB54626}"
EndProject
Global
	GlobalSection(SolutionConfigurationPlatforms) = preSolution
		Debug|Any CPU = Debug|Any CPU
		Release|Any CPU = Release|Any CPU
	EndGlobalSection
	GlobalSection(ProjectConfigurationPlatforms) = postSolution
		{2AE98A75-3ADF-44F2-ADB5-3954EFB54626}.Debug|Any CPU.ActiveCfg = Debug|Any CPU
		{2AE98A75-3ADF-44F2-ADB5-3954EFB54626}.Debug|Any CPU.Build.0 = Debug|Any CPU
		{2AE98A75-3ADF-44F2-ADB5-3954EFB54626}.Release|Any CPU.ActiveCfg = Release|Any CPU
		{2AE98A75-3ADF-44F2-ADB5-3954EFB54626}.Release|Any CPU.Build.0 = Release|Any CPU
	EndGlobalSection
	GlobalSection(SolutionProperties) = preSolution
		HideSolutionNode = FALSE
	EndGlobalSection
	GlobalSection(ExtensibilityGlobals) = postSolution
		SolutionGuid = {EADE80EC-DF93-4857-8FD4-652BD42D48E1}
	EndGlobalSection
EndGlobal
